# This file is autogenerated, do not edit; changes may be undone by the next 'dep ensure'.


[[projects]]
  name = "github.com/blackjack/webcam"
  packages = [
    ".",
    "ioctl"
  ]
  revision = "103f67083be008ccf451ab9c2e268fb219dc7354"

[[projects]]
  name = "github.com/davecgh/go-spew"
  packages = ["spew"]
  revision = "346938d642f2ec3594ed81d874461961cd0faa76"
  version = "v1.1.0"

[[projects]]
  branch = "master"
  name = "github.com/easeway/langx.go"
  packages = [
    "errors",
    "mapper"
  ]
  revision = "26b1f7c6dca048ea18dba3ccef106d20ca29e898"

[[projects]]
  name = "github.com/pmezard/go-difflib"
  packages = ["difflib"]
  revision = "792786c7400a136282c1664665ae0a8db921c6c2"
  version = "v1.0.0"

[[projects]]
  branch = "master"
  name = "github.com/robotalks/mqhub.go"
  packages = ["mqhub"]
  revision = "3c92e551de142e623edc065a2b137cd27f01fea9"

[[projects]]
  name = "github.com/robotalks/talk"
  packages = [
    "common",
    "engine"
  ]
  revision = "22b10a4c48b52bb6f7b96775e981933123650fc8"

[[projects]]
  branch = "master"
  name = "github.com/robotalks/talk.contract"
  packages = ["v0"]
  revision = "c5f5f934790f7dcdf7d8a2c3e5b75baaeed5a69f"

[[projects]]
  name = "github.com/stretchr/testify"
  packages = ["assert"]
  revision = "2402e8e7a02fc811447d11f881aa9746cdc57983"

[[projects]]
  name = "golang.org/x/sys"
  packages = ["unix"]
  revision = "30237cf4eefd639b184d1f2cb77a581ea0be8947"

[[projects]]
  branch = "v2"
  name = "gopkg.in/yaml.v2"
  packages = ["."]
  revision = "a5b47d31c556af34a302ce5d659e6fea44d90de0"

[solve-meta]
  analyzer-name = "dep"
  analyzer-version = 1
  inputs-digest = "19e1ea6bf9914f8ad5cf4f20deb590e97872727cd7dd0e4e0f4ac1bbb91ebaa4"
  solver-name = "gps-cdcl"
  solver-version = 1
