# This file is autogenerated, do not edit; changes may be undone by the next 'dep ensure'.


[[projects]]
  branch = "master"
  name = "github.com/codingbrain/clix.go"
  packages = [
    "exts/bind",
    "exts/help",
    "flag",
    "term"
  ]
  revision = "61f1fdb545586f63b3f11592bc791c91379cc734"

[[projects]]
  name = "github.com/davecgh/go-spew"
  packages = ["spew"]
  revision = "346938d642f2ec3594ed81d874461961cd0faa76"
  version = "v1.1.0"

[[projects]]
  branch = "master"
  name = "github.com/easeway/langx.go"
  packages = [
    "errors",
    "mapper"
  ]
  revision = "26b1f7c6dca048ea18dba3ccef106d20ca29e898"

[[projects]]
  name = "github.com/pmezard/go-difflib"
  packages = ["difflib"]
  revision = "792786c7400a136282c1664665ae0a8db921c6c2"
  version = "v1.0.0"

[[projects]]
  name = "github.com/stretchr/testify"
  packages = ["assert"]
  revision = "2402e8e7a02fc811447d11f881aa9746cdc57983"

[[projects]]
  name = "golang.org/x/crypto"
  packages = ["ssh/terminal"]
  revision = "ede567c8e044a5913dad1d1af3696d9da953104c"

[[projects]]
  branch = "master"
  name = "golang.org/x/sys"
  packages = ["unix"]
  revision = "37707fdb30a5b38865cfb95e5aab41707daec7fd"

[[projects]]
  branch = "v2"
  name = "gopkg.in/yaml.v2"
  packages = ["."]
  revision = "a5b47d31c556af34a302ce5d659e6fea44d90de0"

[solve-meta]
  analyzer-name = "dep"
  analyzer-version = 1
  inputs-digest = "243940db58af8bc96dffeebae32b9eb856455457f22da1dde273ffc75f7403f8"
  solver-name = "gps-cdcl"
  solver-version = 1
