# This file is autogenerated, do not edit; changes may be undone by the next 'dep ensure'.


[[projects]]
  name = "github.com/currantlabs/ble"
  packages = [
    ".",
    "darwin",
    "linux",
    "linux/adv",
    "linux/att",
    "linux/gatt",
    "linux/hci",
    "linux/hci/cmd",
    "linux/hci/evt",
    "linux/hci/socket"
  ]
  revision = "0ebf31a6e39ffff68e811e0f139689f1ef81addc"

[[projects]]
  branch = "master"
  name = "github.com/easeway/langx.go"
  packages = [
    "errors",
    "mapper"
  ]
  revision = "26b1f7c6dca048ea18dba3ccef106d20ca29e898"

[[projects]]
  branch = "master"
  name = "github.com/hashicorp/errwrap"
  packages = ["."]
  revision = "7554cd9344cec97297fa6649b055a8c98c2a1e55"

[[projects]]
  name = "github.com/hashicorp/go-multierror"
  packages = ["."]
  revision = "ed905158d87462226a13fe39ddf685ea65f1c11f"

[[projects]]
  name = "github.com/mattn/go-colorable"
  packages = ["."]
  revision = "5411d3eea5978e6cdc258b30de592b60df6aba96"

[[projects]]
  name = "github.com/mattn/go-isatty"
  packages = ["."]
  revision = "dda3de49cbfcec471bd7a70e6cc01fcc3ff90109"

[[projects]]
  branch = "master"
  name = "github.com/mgutz/ansi"
  packages = ["."]
  revision = "9520e82c474b0a04dd04f8a40959027271bab992"

[[projects]]
  name = "github.com/mgutz/logxi"
  packages = ["v1"]
  revision = "aebf8a7d67ab4625e0fd4a665766fef9a709161b"
  version = "v1"

[[projects]]
  name = "github.com/pkg/errors"
  packages = ["."]
  revision = "248dadf4e9068a0b3e79f02ed0a610d935de5302"

[[projects]]
  name = "github.com/raff/goble"
  packages = ["xpc"]
  revision = "b7d25c075bc714e7987eeef8712a04441d708da4"

[[projects]]
  branch = "master"
  name = "github.com/robotalks/mqhub.go"
  packages = ["mqhub"]
  revision = "3c92e551de142e623edc065a2b137cd27f01fea9"

[[projects]]
  name = "github.com/robotalks/talk"
  packages = ["engine"]
  revision = "22b10a4c48b52bb6f7b96775e981933123650fc8"

[[projects]]
  branch = "master"
  name = "github.com/robotalks/talk.contract"
  packages = ["v0"]
  revision = "c5f5f934790f7dcdf7d8a2c3e5b75baaeed5a69f"

[[projects]]
  branch = "master"
  name = "github.com/sigurn/crc8"
  packages = ["."]
  revision = "e55481d6f45c5a8f040343bace9013571dae103e"

[[projects]]
  branch = "master"
  name = "github.com/sigurn/utils"
  packages = ["."]
  revision = "f19e41f79f8f006116f682c1af454591bc278ad4"

[[projects]]
  name = "github.com/tarm/serial"
  packages = ["."]
  revision = "37be519d49878d0098e34fb614136b81e6c87861"

[[projects]]
  name = "gobot.io/x/gobot"
  packages = [
    ".",
    "drivers/gpio",
    "drivers/i2c",
    "platforms/ble",
    "platforms/firmata",
    "platforms/firmata/client",
    "platforms/raspi",
    "sysfs"
  ]
  revision = "3c7285942ca0c510e83a14481f006229ed793452"

[[projects]]
  name = "golang.org/x/net"
  packages = ["context"]
  revision = "b4690f45fa1cafc47b1c280c2e75116efe40cc13"

[[projects]]
  name = "golang.org/x/sys"
  packages = ["unix"]
  revision = "30237cf4eefd639b184d1f2cb77a581ea0be8947"

[[projects]]
  branch = "v2"
  name = "gopkg.in/yaml.v2"
  packages = ["."]
  revision = "a5b47d31c556af34a302ce5d659e6fea44d90de0"

[solve-meta]
  analyzer-name = "dep"
  analyzer-version = 1
  inputs-digest = "216d2d70ac9a047b4ea5eb86bb966736604060c392646a54f53d73f6d96c67ba"
  solver-name = "gps-cdcl"
  solver-version = 1
