# This file is autogenerated, do not edit; changes may be undone by the next 'dep ensure'.


[[projects]]
  branch = "master"
  name = "github.com/easeway/langx.go"
  packages = [
    "errors",
    "mapper"
  ]
  revision = "26b1f7c6dca048ea18dba3ccef106d20ca29e898"

[[projects]]
  name = "github.com/robotalks/talk"
  packages = ["engine"]
  revision = "22b10a4c48b52bb6f7b96775e981933123650fc8"

[[projects]]
  branch = "v2"
  name = "gopkg.in/yaml.v2"
  packages = ["."]
  revision = "a5b47d31c556af34a302ce5d659e6fea44d90de0"

[solve-meta]
  analyzer-name = "dep"
  analyzer-version = 1
  inputs-digest = "7fa753a22e6630d7dbcdc8230e33b6f37f3a1ad11f1d978253f16f8a67905439"
  solver-name = "gps-cdcl"
  solver-version = 1
