# This file is autogenerated, do not edit; changes may be undone by the next 'dep ensure'.


[[projects]]
  branch = "master"
  name = "github.com/creack/goselect"
  packages = ["."]
  revision = "528c74964609a58f7c17471525659c9b71cd499b"

[[projects]]
  branch = "master"
  name = "github.com/easeway/langx.go"
  packages = [
    "errors",
    "mapper"
  ]
  revision = "26b1f7c6dca048ea18dba3ccef106d20ca29e898"

[[projects]]
  branch = "master"
  name = "github.com/go-ble/ble"
  packages = [
    ".",
    "darwin",
    "linux",
    "linux/adv",
    "linux/att",
    "linux/gatt",
    "linux/hci",
    "linux/hci/cmd",
    "linux/hci/evt",
    "linux/hci/socket"
  ]
  revision = "cb19fdfd5cb4f8c420bedd0c9e1bfc4717a4be2e"

[[projects]]
  branch = "master"
  name = "github.com/hashicorp/errwrap"
  packages = ["."]
  revision = "7554cd9344cec97297fa6649b055a8c98c2a1e55"

[[projects]]
  branch = "master"
  name = "github.com/hashicorp/go-multierror"
  packages = ["."]
  revision = "b7773ae218740a7be65057fc60b366a49b538a44"

[[projects]]
  name = "github.com/mattn/go-colorable"
  packages = ["."]
  revision = "5411d3eea5978e6cdc258b30de592b60df6aba96"

[[projects]]
  name = "github.com/mattn/go-isatty"
  packages = ["."]
  revision = "dda3de49cbfcec471bd7a70e6cc01fcc3ff90109"

[[projects]]
  branch = "master"
  name = "github.com/mgutz/ansi"
  packages = ["."]
  revision = "9520e82c474b0a04dd04f8a40959027271bab992"

[[projects]]
  name = "github.com/mgutz/logxi"
  packages = ["v1"]
  revision = "aebf8a7d67ab4625e0fd4a665766fef9a709161b"
  version = "v1"

[[projects]]
  name = "github.com/pkg/errors"
  packages = ["."]
  revision = "645ef00459ed84a119197bfb8d8205042c6df63d"
  version = "v0.8.0"

[[projects]]
  name = "github.com/raff/goble"
  packages = ["xpc"]
  revision = "b7d25c075bc714e7987eeef8712a04441d708da4"

[[projects]]
  name = "github.com/robotalks/talk"
  packages = ["engine"]
  revision = "22b10a4c48b52bb6f7b96775e981933123650fc8"

[[projects]]
  branch = "master"
  name = "github.com/sigurn/crc8"
  packages = ["."]
  revision = "e55481d6f45c5a8f040343bace9013571dae103e"

[[projects]]
  branch = "master"
  name = "github.com/sigurn/utils"
  packages = ["."]
  revision = "f19e41f79f8f006116f682c1af454591bc278ad4"

[[projects]]
  branch = "master"
  name = "go.bug.st/serial.v1"
  packages = [
    ".",
    "unixutils"
  ]
  revision = "eae1344f9f90101f887b08d13391c34399f97873"

[[projects]]
  name = "gobot.io/x/gobot"
  packages = [
    ".",
    "drivers/aio",
    "drivers/gpio",
    "drivers/i2c",
    "drivers/spi",
    "platforms/ble",
    "platforms/firmata",
    "platforms/firmata/client",
    "platforms/raspi",
    "sysfs"
  ]
  revision = "59aaba08eba8b081a9541f77aed19aba919437ac"
  version = "v1.9.0"

[[projects]]
  branch = "master"
  name = "golang.org/x/exp"
  packages = [
    "io/spi",
    "io/spi/driver"
  ]
  revision = "83bc9a11ae1a00a79c4e59fc5d965d21fe14e6bb"

[[projects]]
  name = "golang.org/x/sys"
  packages = [
    "unix",
    "windows"
  ]
  revision = "30237cf4eefd639b184d1f2cb77a581ea0be8947"

[[projects]]
  branch = "v2"
  name = "gopkg.in/yaml.v2"
  packages = ["."]
  revision = "a5b47d31c556af34a302ce5d659e6fea44d90de0"

[solve-meta]
  analyzer-name = "dep"
  analyzer-version = 1
  inputs-digest = "4952c86018fcda7b156ce0696da16b8fdccd9ff6ff1ca79b688f92ffb7ce0030"
  solver-name = "gps-cdcl"
  solver-version = 1
